
Microsoft Visual Studio Solution File, Format Version 12.00
# Visual Studio Version 17
VisualStudioVersion = 17.3.32922.545
MinimumVisualStudioVersion = 10.0.40219.1
Project("{FAE04EC0-301F-11D3-BF4B-00C04F79EFBC}") = "Set 2", "Set 2.csproj", "{D238A281-F762-4339-B854-5572D34967D1}"
EndProject
Global
	GlobalSection(SolutionConfigurationPlatforms) = preSolution
		Debug|Any CPU = Debug|Any CPU
		Release|Any CPU = Release|Any CPU
	EndGlobalSection
	GlobalSection(ProjectConfigurationPlatforms) = postSolution
		{D238A281-F762-4339-B854-5572D34967D1}.Debug|Any CPU.ActiveCfg = Debug|Any CPU
		{D238A281-F762-4339-B854-5572D34967D1}.Debug|Any CPU.Build.0 = Debug|Any CPU
		{D238A281-F762-4339-B854-5572D34967D1}.Release|Any CPU.ActiveCfg = Release|Any CPU
		{D238A281-F762-4339-B854-5572D34967D1}.Release|Any CPU.Build.0 = Release|Any CPU
	EndGlobalSection
	GlobalSection(SolutionProperties) = preSolution
		HideSolutionNode = FALSE
	EndGlobalSection
	GlobalSection(ExtensibilityGlobals) = postSolution
		SolutionGuid = {C43571AA-C02A-4C59-8368-F8DD54F364BA}
	EndGlobalSection
EndGlobal
